{
  "name": "template",
  "version": "1.0.0",
  "lockfileVersion": 2,
  "requires": true,
  "packages": {
    "": {
      "name": "template",
      "version": "1.0.0",
      "license": "MIT",
      "devDependencies": {
        "somod": "file://../../somod"
      }
    },
    "../../../../../../../somod": {
      "dev": true
    },
    "node_modules/somod": {
      "resolved": "../../../../../../../somod",
      "link": true
    }
  },
  "dependencies": {
    "somod": {
      "version": "file:../../../../../../../somod"
    }
  }
}
